
Microsoft Visual Studio Solution File, Format Version 12.00
# Visual Studio Version 17
VisualStudioVersion = 17.0.31903.59
MinimumVisualStudioVersion = 10.0.40219.1
Project("{FAE04EC0-301F-11D3-BF4B-00C04F79EFBC}") = "API", "API\API.csproj", "{64FAC686-4D20-473C-95A4-06838DED872B}"
EndProject
Project("{FAE04EC0-301F-11D3-BF4B-00C04F79EFBC}") = "Domain", "Domain\Domain.csproj", "{07AF7217-2F4A-48EB-AF0D-6AD297B2F3C9}"
EndProject
Project("{FAE04EC0-301F-11D3-BF4B-00C04F79EFBC}") = "Infrastructure", "Infrastructure\Infrastructure.csproj", "{A6A5B9C5-4FCB-4D2D-85B5-91D9AE328F7F}"
EndProject
Project("{FAE04EC0-301F-11D3-BF4B-00C04F79EFBC}") = "UnitTests", "UnitTests\UnitTests.csproj", "{B423F5C8-D3CB-4DD8-8860-105795776888}"
EndProject
Global
	GlobalSection(SolutionConfigurationPlatforms) = preSolution
		Debug|Any CPU = Debug|Any CPU
		Release|Any CPU = Release|Any CPU
	EndGlobalSection
	GlobalSection(SolutionProperties) = preSolution
		HideSolutionNode = FALSE
	EndGlobalSection
	GlobalSection(ProjectConfigurationPlatforms) = postSolution
		{64FAC686-4D20-473C-95A4-06838DED872B}.Debug|Any CPU.ActiveCfg = Debug|Any CPU
		{64FAC686-4D20-473C-95A4-06838DED872B}.Debug|Any CPU.Build.0 = Debug|Any CPU
		{64FAC686-4D20-473C-95A4-06838DED872B}.Release|Any CPU.ActiveCfg = Release|Any CPU
		{64FAC686-4D20-473C-95A4-06838DED872B}.Release|Any CPU.Build.0 = Release|Any CPU
		{07AF7217-2F4A-48EB-AF0D-6AD297B2F3C9}.Debug|Any CPU.ActiveCfg = Debug|Any CPU
		{07AF7217-2F4A-48EB-AF0D-6AD297B2F3C9}.Debug|Any CPU.Build.0 = Debug|Any CPU
		{07AF7217-2F4A-48EB-AF0D-6AD297B2F3C9}.Release|Any CPU.ActiveCfg = Release|Any CPU
		{07AF7217-2F4A-48EB-AF0D-6AD297B2F3C9}.Release|Any CPU.Build.0 = Release|Any CPU
		{A6A5B9C5-4FCB-4D2D-85B5-91D9AE328F7F}.Debug|Any CPU.ActiveCfg = Debug|Any CPU
		{A6A5B9C5-4FCB-4D2D-85B5-91D9AE328F7F}.Debug|Any CPU.Build.0 = Debug|Any CPU
		{A6A5B9C5-4FCB-4D2D-85B5-91D9AE328F7F}.Release|Any CPU.ActiveCfg = Release|Any CPU
		{A6A5B9C5-4FCB-4D2D-85B5-91D9AE328F7F}.Release|Any CPU.Build.0 = Release|Any CPU
		{B423F5C8-D3CB-4DD8-8860-105795776888}.Debug|Any CPU.ActiveCfg = Debug|Any CPU
		{B423F5C8-D3CB-4DD8-8860-105795776888}.Debug|Any CPU.Build.0 = Debug|Any CPU
		{B423F5C8-D3CB-4DD8-8860-105795776888}.Release|Any CPU.ActiveCfg = Release|Any CPU
		{B423F5C8-D3CB-4DD8-8860-105795776888}.Release|Any CPU.Build.0 = Release|Any CPU
	EndGlobalSection
EndGlobal
